
Microsoft Visual Studio Solution File, Format Version 12.00
# Visual Studio 2013
VisualStudioVersion = 12.0.40629.0
MinimumVisualStudioVersion = 10.0.40219.1
Project("{8BC9CEB8-8B4A-11D0-8D11-00A0C91BC942}") = "FirstChapter", "FirstChapter\FirstChapter.vcxproj", "{78F1AFE3-27F0-4784-A52F-1FC7DC85DF9B}"
EndProject
Project("{8BC9CEB8-8B4A-11D0-8D11-00A0C91BC942}") = "Chapter02", "Chapter02\Chapter02.vcxproj", "{D7B2DC20-D03D-46FA-91A9-87042B549F66}"
EndProject
Project("{8BC9CEB8-8B4A-11D0-8D11-00A0C91BC942}") = "Chapter03", "Chapter03\Chapter03.vcxproj", "{1A772F81-11EC-455A-BCDD-22BE23C36F37}"
EndProject
Project("{8BC9CEB8-8B4A-11D0-8D11-00A0C91BC942}") = "Chapter04", "Chapter04\Chapter04.vcxproj", "{BDC6B385-C2C3-4E99-ABC2-730963C20187}"
EndProject
Project("{8BC9CEB8-8B4A-11D0-8D11-00A0C91BC942}") = "Chapter05", "Chapter05\Chapter05.vcxproj", "{9A2C2F80-E83F-4961-98C2-7C49FA7B5539}"
EndProject
Project("{8BC9CEB8-8B4A-11D0-8D11-00A0C91BC942}") = "Chapter06", "Chapter06\Chapter06.vcxproj", "{4C7B5B4B-7884-4BF8-97A9-0690359ABD44}"
EndProject
Project("{8BC9CEB8-8B4A-11D0-8D11-00A0C91BC942}") = "Chapter07", "Chapter07\Chapter07.vcxproj", "{B7C3DE65-04CA-46C0-ADD8-3B88102CD6BE}"
EndProject
Project("{8BC9CEB8-8B4A-11D0-8D11-00A0C91BC942}") = "Chapter08", "Chapter08\Chapter08.vcxproj", "{0B7131D3-698D-4F53-BA4A-19F2DE185DC0}"
EndProject
Project("{8BC9CEB8-8B4A-11D0-8D11-00A0C91BC942}") = "Chapter09", "Chapter09\Chapter09.vcxproj", "{770BAD00-083F-4A8E-9170-ADCC7B8599C7}"
EndProject
Project("{8BC9CEB8-8B4A-11D0-8D11-00A0C91BC942}") = "PQ_10", "PQ_10\PQ_10.vcxproj", "{51F3EE58-891A-41B1-A753-E7835582F1B6}"
EndProject
Global
	GlobalSection(SolutionConfigurationPlatforms) = preSolution
		Debug|Win32 = Debug|Win32
		Release|Win32 = Release|Win32
	EndGlobalSection
	GlobalSection(ProjectConfigurationPlatforms) = postSolution
		{78F1AFE3-27F0-4784-A52F-1FC7DC85DF9B}.Debug|Win32.ActiveCfg = Debug|Win32
		{78F1AFE3-27F0-4784-A52F-1FC7DC85DF9B}.Debug|Win32.Build.0 = Debug|Win32
		{78F1AFE3-27F0-4784-A52F-1FC7DC85DF9B}.Release|Win32.ActiveCfg = Release|Win32
		{78F1AFE3-27F0-4784-A52F-1FC7DC85DF9B}.Release|Win32.Build.0 = Release|Win32
		{D7B2DC20-D03D-46FA-91A9-87042B549F66}.Debug|Win32.ActiveCfg = Debug|Win32
		{D7B2DC20-D03D-46FA-91A9-87042B549F66}.Debug|Win32.Build.0 = Debug|Win32
		{D7B2DC20-D03D-46FA-91A9-87042B549F66}.Release|Win32.ActiveCfg = Release|Win32
		{D7B2DC20-D03D-46FA-91A9-87042B549F66}.Release|Win32.Build.0 = Release|Win32
		{1A772F81-11EC-455A-BCDD-22BE23C36F37}.Debug|Win32.ActiveCfg = Debug|Win32
		{1A772F81-11EC-455A-BCDD-22BE23C36F37}.Debug|Win32.Build.0 = Debug|Win32
		{1A772F81-11EC-455A-BCDD-22BE23C36F37}.Release|Win32.ActiveCfg = Release|Win32
		{1A772F81-11EC-455A-BCDD-22BE23C36F37}.Release|Win32.Build.0 = Release|Win32
		{BDC6B385-C2C3-4E99-ABC2-730963C20187}.Debug|Win32.ActiveCfg = Debug|Win32
		{BDC6B385-C2C3-4E99-ABC2-730963C20187}.Debug|Win32.Build.0 = Debug|Win32
		{BDC6B385-C2C3-4E99-ABC2-730963C20187}.Release|Win32.ActiveCfg = Release|Win32
		{BDC6B385-C2C3-4E99-ABC2-730963C20187}.Release|Win32.Build.0 = Release|Win32
		{9A2C2F80-E83F-4961-98C2-7C49FA7B5539}.Debug|Win32.ActiveCfg = Debug|Win32
		{9A2C2F80-E83F-4961-98C2-7C49FA7B5539}.Debug|Win32.Build.0 = Debug|Win32
		{9A2C2F80-E83F-4961-98C2-7C49FA7B5539}.Release|Win32.ActiveCfg = Release|Win32
		{9A2C2F80-E83F-4961-98C2-7C49FA7B5539}.Release|Win32.Build.0 = Release|Win32
		{4C7B5B4B-7884-4BF8-97A9-0690359ABD44}.Debug|Win32.ActiveCfg = Debug|Win32
		{4C7B5B4B-7884-4BF8-97A9-0690359ABD44}.Debug|Win32.Build.0 = Debug|Win32
		{4C7B5B4B-7884-4BF8-97A9-0690359ABD44}.Release|Win32.ActiveCfg = Release|Win32
		{4C7B5B4B-7884-4BF8-97A9-0690359ABD44}.Release|Win32.Build.0 = Release|Win32
		{B7C3DE65-04CA-46C0-ADD8-3B88102CD6BE}.Debug|Win32.ActiveCfg = Debug|Win32
		{B7C3DE65-04CA-46C0-ADD8-3B88102CD6BE}.Debug|Win32.Build.0 = Debug|Win32
		{B7C3DE65-04CA-46C0-ADD8-3B88102CD6BE}.Release|Win32.ActiveCfg = Release|Win32
		{B7C3DE65-04CA-46C0-ADD8-3B88102CD6BE}.Release|Win32.Build.0 = Release|Win32
		{0B7131D3-698D-4F53-BA4A-19F2DE185DC0}.Debug|Win32.ActiveCfg = Debug|Win32
		{0B7131D3-698D-4F53-BA4A-19F2DE185DC0}.Debug|Win32.Build.0 = Debug|Win32
		{0B7131D3-698D-4F53-BA4A-19F2DE185DC0}.Release|Win32.ActiveCfg = Release|Win32
		{0B7131D3-698D-4F53-BA4A-19F2DE185DC0}.Release|Win32.Build.0 = Release|Win32
		{770BAD00-083F-4A8E-9170-ADCC7B8599C7}.Debug|Win32.ActiveCfg = Debug|Win32
		{770BAD00-083F-4A8E-9170-ADCC7B8599C7}.Debug|Win32.Build.0 = Debug|Win32
		{770BAD00-083F-4A8E-9170-ADCC7B8599C7}.Release|Win32.ActiveCfg = Release|Win32
		{770BAD00-083F-4A8E-9170-ADCC7B8599C7}.Release|Win32.Build.0 = Release|Win32
		{51F3EE58-891A-41B1-A753-E7835582F1B6}.Debug|Win32.ActiveCfg = Debug|Win32
		{51F3EE58-891A-41B1-A753-E7835582F1B6}.Debug|Win32.Build.0 = Debug|Win32
		{51F3EE58-891A-41B1-A753-E7835582F1B6}.Release|Win32.ActiveCfg = Release|Win32
		{51F3EE58-891A-41B1-A753-E7835582F1B6}.Release|Win32.Build.0 = Release|Win32
	EndGlobalSection
	GlobalSection(SolutionProperties) = preSolution
		HideSolutionNode = FALSE
	EndGlobalSection
EndGlobal
